
Microsoft Visual Studio Solution File, Format Version 12.00
# Visual Studio Version 16
VisualStudioVersion = 16.0.30907.101
MinimumVisualStudioVersion = 10.0.40219.1
Project("{FAE04EC0-301F-11D3-BF4B-00C04F79EFBC}") = "CryptoPals", "CryptoPals\CryptoPals.csproj", "{9CB24379-660F-4F74-9305-4DF1B42983EF}"
EndProject
Project("{FAE04EC0-301F-11D3-BF4B-00C04F79EFBC}") = "UnitTests", "UnitTests\UnitTests.csproj", "{B342C650-1CAF-4CC7-8289-0501447350E2}"
EndProject
Global
	GlobalSection(SolutionConfigurationPlatforms) = preSolution
		Debug|Any CPU = Debug|Any CPU
		Release|Any CPU = Release|Any CPU
	EndGlobalSection
	GlobalSection(ProjectConfigurationPlatforms) = postSolution
		{9CB24379-660F-4F74-9305-4DF1B42983EF}.Debug|Any CPU.ActiveCfg = Debug|Any CPU
		{9CB24379-660F-4F74-9305-4DF1B42983EF}.Debug|Any CPU.Build.0 = Debug|Any CPU
		{9CB24379-660F-4F74-9305-4DF1B42983EF}.Release|Any CPU.ActiveCfg = Release|Any CPU
		{9CB24379-660F-4F74-9305-4DF1B42983EF}.Release|Any CPU.Build.0 = Release|Any CPU
		{B342C650-1CAF-4CC7-8289-0501447350E2}.Debug|Any CPU.ActiveCfg = Debug|Any CPU
		{B342C650-1CAF-4CC7-8289-0501447350E2}.Debug|Any CPU.Build.0 = Debug|Any CPU
		{B342C650-1CAF-4CC7-8289-0501447350E2}.Release|Any CPU.ActiveCfg = Release|Any CPU
		{B342C650-1CAF-4CC7-8289-0501447350E2}.Release|Any CPU.Build.0 = Release|Any CPU
	EndGlobalSection
	GlobalSection(SolutionProperties) = preSolution
		HideSolutionNode = FALSE
	EndGlobalSection
	GlobalSection(ExtensibilityGlobals) = postSolution
		SolutionGuid = {B88D3FE0-C730-4999-A809-71CD2D99BFD6}
	EndGlobalSection
EndGlobal
